
Microsoft Visual Studio Solution File, Format Version 12.00
# Visual Studio 15
VisualStudioVersion = 15.0.27130.2010
MinimumVisualStudioVersion = 10.0.40219.1
Project("{FAE04EC0-301F-11D3-BF4B-00C04F79EFBC}") = "Aliswork.Android", "Aliswork\Aliswork.Android\Aliswork.Android.csproj", "{BB719EC7-A903-4B6D-9B9B-E736440A299D}"
EndProject
Project("{FAE04EC0-301F-11D3-BF4B-00C04F79EFBC}") = "Aliswork", "Aliswork\Aliswork\Aliswork.csproj", "{424BC0A1-7991-4BFC-8246-D97F9B26753F}"
EndProject
Project("{FAE04EC0-301F-11D3-BF4B-00C04F79EFBC}") = "Aliswork.UWP", "Aliswork\Aliswork.UWP\Aliswork.UWP.csproj", "{7925E882-8EE7-419B-A7FD-042D31424623}"
EndProject
Project("{FAE04EC0-301F-11D3-BF4B-00C04F79EFBC}") = "Aliswork.iOS", "Aliswork\Aliswork.iOS\Aliswork.iOS.csproj", "{935C2364-0B83-4822-AAD4-54489FA0183C}"
EndProject
Global
	GlobalSection(SolutionConfigurationPlatforms) = preSolution
		Ad-Hoc|Any CPU = Ad-Hoc|Any CPU
		Ad-Hoc|ARM = Ad-Hoc|ARM
		Ad-Hoc|iPhone = Ad-Hoc|iPhone
		Ad-Hoc|iPhoneSimulator = Ad-Hoc|iPhoneSimulator
		Ad-Hoc|x64 = Ad-Hoc|x64
		Ad-Hoc|x86 = Ad-Hoc|x86
		AppStore|Any CPU = AppStore|Any CPU
		AppStore|ARM = AppStore|ARM
		AppStore|iPhone = AppStore|iPhone
		AppStore|iPhoneSimulator = AppStore|iPhoneSimulator
		AppStore|x64 = AppStore|x64
		AppStore|x86 = AppStore|x86
		Debug|Any CPU = Debug|Any CPU
		Debug|ARM = Debug|ARM
		Debug|iPhone = Debug|iPhone
		Debug|iPhoneSimulator = Debug|iPhoneSimulator
		Debug|x64 = Debug|x64
		Debug|x86 = Debug|x86
		Release|Any CPU = Release|Any CPU
		Release|ARM = Release|ARM
		Release|iPhone = Release|iPhone
		Release|iPhoneSimulator = Release|iPhoneSimulator
		Release|x64 = Release|x64
		Release|x86 = Release|x86
	EndGlobalSection
	GlobalSection(ProjectConfigurationPlatforms) = postSolution
		{BB719EC7-A903-4B6D-9B9B-E736440A299D}.Ad-Hoc|Any CPU.ActiveCfg = Release|Any CPU
		{BB719EC7-A903-4B6D-9B9B-E736440A299D}.Ad-Hoc|Any CPU.Build.0 = Release|Any CPU
		{BB719EC7-A903-4B6D-9B9B-E736440A299D}.Ad-Hoc|Any CPU.Deploy.0 = Release|Any CPU
		{BB719EC7-A903-4B6D-9B9B-E736440A299D}.Ad-Hoc|ARM.ActiveCfg = Release|Any CPU
		{BB719EC7-A903-4B6D-9B9B-E736440A299D}.Ad-Hoc|ARM.Build.0 = Release|Any CPU
		{BB719EC7-A903-4B6D-9B9B-E736440A299D}.Ad-Hoc|ARM.Deploy.0 = Release|Any CPU
		{BB719EC7-A903-4B6D-9B9B-E736440A299D}.Ad-Hoc|iPhone.ActiveCfg = Release|Any CPU
		{BB719EC7-A903-4B6D-9B9B-E736440A299D}.Ad-Hoc|iPhone.Build.0 = Release|Any CPU
		{BB719EC7-A903-4B6D-9B9B-E736440A299D}.Ad-Hoc|iPhone.Deploy.0 = Release|Any CPU
		{BB719EC7-A903-4B6D-9B9B-E736440A299D}.Ad-Hoc|iPhoneSimulator.ActiveCfg = Release|Any CPU
		{BB719EC7-A903-4B6D-9B9B-E736440A299D}.Ad-Hoc|iPhoneSimulator.Build.0 = Release|Any CPU
		{BB719EC7-A903-4B6D-9B9B-E736440A299D}.Ad-Hoc|iPhoneSimulator.Deploy.0 = Release|Any CPU
		{BB719EC7-A903-4B6D-9B9B-E736440A299D}.Ad-Hoc|x64.ActiveCfg = Release|Any CPU
		{BB719EC7-A903-4B6D-9B9B-E736440A299D}.Ad-Hoc|x64.Build.0 = Release|Any CPU
		{BB719EC7-A903-4B6D-9B9B-E736440A299D}.Ad-Hoc|x64.Deploy.0 = Release|Any CPU
		{BB719EC7-A903-4B6D-9B9B-E736440A299D}.Ad-Hoc|x86.ActiveCfg = Release|Any CPU
		{BB719EC7-A903-4B6D-9B9B-E736440A299D}.Ad-Hoc|x86.Build.0 = Release|Any CPU
		{BB719EC7-A903-4B6D-9B9B-E736440A299D}.Ad-Hoc|x86.Deploy.0 = Release|Any CPU
		{BB719EC7-A903-4B6D-9B9B-E736440A299D}.AppStore|Any CPU.ActiveCfg = Release|Any CPU
		{BB719EC7-A903-4B6D-9B9B-E736440A299D}.AppStore|Any CPU.Build.0 = Release|Any CPU
		{BB719EC7-A903-4B6D-9B9B-E736440A299D}.AppStore|Any CPU.Deploy.0 = Release|Any CPU
		{BB719EC7-A903-4B6D-9B9B-E736440A299D}.AppStore|ARM.ActiveCfg = Release|Any CPU
		{BB719EC7-A903-4B6D-9B9B-E736440A299D}.AppStore|ARM.Build.0 = Release|Any CPU
		{BB719EC7-A903-4B6D-9B9B-E736440A299D}.AppStore|ARM.Deploy.0 = Release|Any CPU
		{BB719EC7-A903-4B6D-9B9B-E736440A299D}.AppStore|iPhone.ActiveCfg = Release|Any CPU
		{BB719EC7-A903-4B6D-9B9B-E736440A299D}.AppStore|iPhone.Build.0 = Release|Any CPU
		{BB719EC7-A903-4B6D-9B9B-E736440A299D}.AppStore|iPhone.Deploy.0 = Release|Any CPU
		{BB719EC7-A903-4B6D-9B9B-E736440A299D}.AppStore|iPhoneSimulator.ActiveCfg = Release|Any CPU
		{BB719EC7-A903-4B6D-9B9B-E736440A299D}.AppStore|iPhoneSimulator.Build.0 = Release|Any CPU
		{BB719EC7-A903-4B6D-9B9B-E736440A299D}.AppStore|iPhoneSimulator.Deploy.0 = Release|Any CPU
		{BB719EC7-A903-4B6D-9B9B-E736440A299D}.AppStore|x64.ActiveCfg = Release|Any CPU
		{BB719EC7-A903-4B6D-9B9B-E736440A299D}.AppStore|x64.Build.0 = Release|Any CPU
		{BB719EC7-A903-4B6D-9B9B-E736440A299D}.AppStore|x64.Deploy.0 = Release|Any CPU
		{BB719EC7-A903-4B6D-9B9B-E736440A299D}.AppStore|x86.ActiveCfg = Release|Any CPU
		{BB719EC7-A903-4B6D-9B9B-E736440A299D}.AppStore|x86.Build.0 = Release|Any CPU
		{BB719EC7-A903-4B6D-9B9B-E736440A299D}.AppStore|x86.Deploy.0 = Release|Any CPU
		{BB719EC7-A903-4B6D-9B9B-E736440A299D}.Debug|Any CPU.ActiveCfg = Debug|Any CPU
		{BB719EC7-A903-4B6D-9B9B-E736440A299D}.Debug|Any CPU.Build.0 = Debug|Any CPU
		{BB719EC7-A903-4B6D-9B9B-E736440A299D}.Debug|Any CPU.Deploy.0 = Debug|Any CPU
		{BB719EC7-A903-4B6D-9B9B-E736440A299D}.Debug|ARM.ActiveCfg = Debug|Any CPU
		{BB719EC7-A903-4B6D-9B9B-E736440A299D}.Debug|ARM.Build.0 = Debug|Any CPU
		{BB719EC7-A903-4B6D-9B9B-E736440A299D}.Debug|ARM.Deploy.0 = Debug|Any CPU
		{BB719EC7-A903-4B6D-9B9B-E736440A299D}.Debug|iPhone.ActiveCfg = Debug|Any CPU
		{BB719EC7-A903-4B6D-9B9B-E736440A299D}.Debug|iPhone.Build.0 = Debug|Any CPU
		{BB719EC7-A903-4B6D-9B9B-E736440A299D}.Debug|iPhone.Deploy.0 = Debug|Any CPU
		{BB719EC7-A903-4B6D-9B9B-E736440A299D}.Debug|iPhoneSimulator.ActiveCfg = Debug|Any CPU
		{BB719EC7-A903-4B6D-9B9B-E736440A299D}.Debug|iPhoneSimulator.Build.0 = Debug|Any CPU
		{BB719EC7-A903-4B6D-9B9B-E736440A299D}.Debug|iPhoneSimulator.Deploy.0 = Debug|Any CPU
		{BB719EC7-A903-4B6D-9B9B-E736440A299D}.Debug|x64.ActiveCfg = Debug|Any CPU
		{BB719EC7-A903-4B6D-9B9B-E736440A299D}.Debug|x64.Build.0 = Debug|Any CPU
		{BB719EC7-A903-4B6D-9B9B-E736440A299D}.Debug|x64.Deploy.0 = Debug|Any CPU
		{BB719EC7-A903-4B6D-9B9B-E736440A299D}.Debug|x86.ActiveCfg = Debug|Any CPU
		{BB719EC7-A903-4B6D-9B9B-E736440A299D}.Debug|x86.Build.0 = Debug|Any CPU
		{BB719EC7-A903-4B6D-9B9B-E736440A299D}.Debug|x86.Deploy.0 = Debug|Any CPU
		{BB719EC7-A903-4B6D-9B9B-E736440A299D}.Release|Any CPU.ActiveCfg = Release|Any CPU
		{BB719EC7-A903-4B6D-9B9B-E736440A299D}.Release|Any CPU.Build.0 = Release|Any CPU
		{BB719EC7-A903-4B6D-9B9B-E736440A299D}.Release|Any CPU.Deploy.0 = Release|Any CPU
		{BB719EC7-A903-4B6D-9B9B-E736440A299D}.Release|ARM.ActiveCfg = Release|Any CPU
		{BB719EC7-A903-4B6D-9B9B-E736440A299D}.Release|ARM.Build.0 = Release|Any CPU
		{BB719EC7-A903-4B6D-9B9B-E736440A299D}.Release|ARM.Deploy.0 = Release|Any CPU
		{BB719EC7-A903-4B6D-9B9B-E736440A299D}.Release|iPhone.ActiveCfg = Release|Any CPU
		{BB719EC7-A903-4B6D-9B9B-E736440A299D}.Release|iPhone.Build.0 = Release|Any CPU
		{BB719EC7-A903-4B6D-9B9B-E736440A299D}.Release|iPhone.Deploy.0 = Release|Any CPU
		{BB719EC7-A903-4B6D-9B9B-E736440A299D}.Release|iPhoneSimulator.ActiveCfg = Release|Any CPU
		{BB719EC7-A903-4B6D-9B9B-E736440A299D}.Release|iPhoneSimulator.Build.0 = Release|Any CPU
		{BB719EC7-A903-4B6D-9B9B-E736440A299D}.Release|iPhoneSimulator.Deploy.0 = Release|Any CPU
		{BB719EC7-A903-4B6D-9B9B-E736440A299D}.Release|x64.ActiveCfg = Release|Any CPU
		{BB719EC7-A903-4B6D-9B9B-E736440A299D}.Release|x64.Build.0 = Release|Any CPU
		{BB719EC7-A903-4B6D-9B9B-E736440A299D}.Release|x64.Deploy.0 = Release|Any CPU
		{BB719EC7-A903-4B6D-9B9B-E736440A299D}.Release|x86.ActiveCfg = Release|Any CPU
		{BB719EC7-A903-4B6D-9B9B-E736440A299D}.Release|x86.Build.0 = Release|Any CPU
		{BB719EC7-A903-4B6D-9B9B-E736440A299D}.Release|x86.Deploy.0 = Release|Any CPU
		{424BC0A1-7991-4BFC-8246-D97F9B26753F}.Ad-Hoc|Any CPU.ActiveCfg = Release|Any CPU
		{424BC0A1-7991-4BFC-8246-D97F9B26753F}.Ad-Hoc|Any CPU.Build.0 = Release|Any CPU
		{424BC0A1-7991-4BFC-8246-D97F9B26753F}.Ad-Hoc|ARM.ActiveCfg = Release|Any CPU
		{424BC0A1-7991-4BFC-8246-D97F9B26753F}.Ad-Hoc|ARM.Build.0 = Release|Any CPU
		{424BC0A1-7991-4BFC-8246-D97F9B26753F}.Ad-Hoc|iPhone.ActiveCfg = Release|Any CPU
		{424BC0A1-7991-4BFC-8246-D97F9B26753F}.Ad-Hoc|iPhone.Build.0 = Release|Any CPU
		{424BC0A1-7991-4BFC-8246-D97F9B26753F}.Ad-Hoc|iPhoneSimulator.ActiveCfg = Release|Any CPU
		{424BC0A1-7991-4BFC-8246-D97F9B26753F}.Ad-Hoc|iPhoneSimulator.Build.0 = Release|Any CPU
		{424BC0A1-7991-4BFC-8246-D97F9B26753F}.Ad-Hoc|x64.ActiveCfg = Release|Any CPU
		{424BC0A1-7991-4BFC-8246-D97F9B26753F}.Ad-Hoc|x64.Build.0 = Release|Any CPU
		{424BC0A1-7991-4BFC-8246-D97F9B26753F}.Ad-Hoc|x86.ActiveCfg = Release|Any CPU
		{424BC0A1-7991-4BFC-8246-D97F9B26753F}.Ad-Hoc|x86.Build.0 = Release|Any CPU
		{424BC0A1-7991-4BFC-8246-D97F9B26753F}.AppStore|Any CPU.ActiveCfg = Release|Any CPU
		{424BC0A1-7991-4BFC-8246-D97F9B26753F}.AppStore|Any CPU.Build.0 = Release|Any CPU
		{424BC0A1-7991-4BFC-8246-D97F9B26753F}.AppStore|ARM.ActiveCfg = Release|Any CPU
		{424BC0A1-7991-4BFC-8246-D97F9B26753F}.AppStore|ARM.Build.0 = Release|Any CPU
		{424BC0A1-7991-4BFC-8246-D97F9B26753F}.AppStore|iPhone.ActiveCfg = Release|Any CPU
		{424BC0A1-7991-4BFC-8246-D97F9B26753F}.AppStore|iPhone.Build.0 = Release|Any CPU
		{424BC0A1-7991-4BFC-8246-D97F9B26753F}.AppStore|iPhoneSimulator.ActiveCfg = Release|Any CPU
		{424BC0A1-7991-4BFC-8246-D97F9B26753F}.AppStore|iPhoneSimulator.Build.0 = Release|Any CPU
		{424BC0A1-7991-4BFC-8246-D97F9B26753F}.AppStore|x64.ActiveCfg = Release|Any CPU
		{424BC0A1-7991-4BFC-8246-D97F9B26753F}.AppStore|x64.Build.0 = Release|Any CPU
		{424BC0A1-7991-4BFC-8246-D97F9B26753F}.AppStore|x86.ActiveCfg = Release|Any CPU
		{424BC0A1-7991-4BFC-8246-D97F9B26753F}.AppStore|x86.Build.0 = Release|Any CPU
		{424BC0A1-7991-4BFC-8246-D97F9B26753F}.Debug|Any CPU.ActiveCfg = Debug|Any CPU
		{424BC0A1-7991-4BFC-8246-D97F9B26753F}.Debug|Any CPU.Build.0 = Debug|Any CPU
		{424BC0A1-7991-4BFC-8246-D97F9B26753F}.Debug|ARM.ActiveCfg = Debug|Any CPU
		{424BC0A1-7991-4BFC-8246-D97F9B26753F}.Debug|ARM.Build.0 = Debug|Any CPU
		{424BC0A1-7991-4BFC-8246-D97F9B26753F}.Debug|iPhone.ActiveCfg = Debug|Any CPU
		{424BC0A1-7991-4BFC-8246-D97F9B26753F}.Debug|iPhone.Build.0 = Debug|Any CPU
		{424BC0A1-7991-4BFC-8246-D97F9B26753F}.Debug|iPhoneSimulator.ActiveCfg = Debug|Any CPU
		{424BC0A1-7991-4BFC-8246-D97F9B26753F}.Debug|iPhoneSimulator.Build.0 = Debug|Any CPU
		{424BC0A1-7991-4BFC-8246-D97F9B26753F}.Debug|x64.ActiveCfg = Debug|Any CPU
		{424BC0A1-7991-4BFC-8246-D97F9B26753F}.Debug|x64.Build.0 = Debug|Any CPU
		{424BC0A1-7991-4BFC-8246-D97F9B26753F}.Debug|x86.ActiveCfg = Debug|Any CPU
		{424BC0A1-7991-4BFC-8246-D97F9B26753F}.Debug|x86.Build.0 = Debug|Any CPU
		{424BC0A1-7991-4BFC-8246-D97F9B26753F}.Release|Any CPU.ActiveCfg = Release|Any CPU
		{424BC0A1-7991-4BFC-8246-D97F9B26753F}.Release|Any CPU.Build.0 = Release|Any CPU
		{424BC0A1-7991-4BFC-8246-D97F9B26753F}.Release|ARM.ActiveCfg = Release|Any CPU
		{424BC0A1-7991-4BFC-8246-D97F9B26753F}.Release|ARM.Build.0 = Release|Any CPU
		{424BC0A1-7991-4BFC-8246-D97F9B26753F}.Release|iPhone.ActiveCfg = Release|Any CPU
		{424BC0A1-7991-4BFC-8246-D97F9B26753F}.Release|iPhone.Build.0 = Release|Any CPU
		{424BC0A1-7991-4BFC-8246-D97F9B26753F}.Release|iPhoneSimulator.ActiveCfg = Release|Any CPU
		{424BC0A1-7991-4BFC-8246-D97F9B26753F}.Release|iPhoneSimulator.Build.0 = Release|Any CPU
		{424BC0A1-7991-4BFC-8246-D97F9B26753F}.Release|x64.ActiveCfg = Release|Any CPU
		{424BC0A1-7991-4BFC-8246-D97F9B26753F}.Release|x64.Build.0 = Release|Any CPU
		{424BC0A1-7991-4BFC-8246-D97F9B26753F}.Release|x86.ActiveCfg = Release|Any CPU
		{424BC0A1-7991-4BFC-8246-D97F9B26753F}.Release|x86.Build.0 = Release|Any CPU
		{7925E882-8EE7-419B-A7FD-042D31424623}.Ad-Hoc|Any CPU.ActiveCfg = Release|x86
		{7925E882-8EE7-419B-A7FD-042D31424623}.Ad-Hoc|Any CPU.Build.0 = Release|x86
		{7925E882-8EE7-419B-A7FD-042D31424623}.Ad-Hoc|Any CPU.Deploy.0 = Release|x86
		{7925E882-8EE7-419B-A7FD-042D31424623}.Ad-Hoc|ARM.ActiveCfg = Release|ARM
		{7925E882-8EE7-419B-A7FD-042D31424623}.Ad-Hoc|ARM.Build.0 = Release|ARM
		{7925E882-8EE7-419B-A7FD-042D31424623}.Ad-Hoc|ARM.Deploy.0 = Release|ARM
		{7925E882-8EE7-419B-A7FD-042D31424623}.Ad-Hoc|iPhone.ActiveCfg = Release|x86
		{7925E882-8EE7-419B-A7FD-042D31424623}.Ad-Hoc|iPhone.Build.0 = Release|x86
		{7925E882-8EE7-419B-A7FD-042D31424623}.Ad-Hoc|iPhone.Deploy.0 = Release|x86
		{7925E882-8EE7-419B-A7FD-042D31424623}.Ad-Hoc|iPhoneSimulator.ActiveCfg = Release|x86
		{7925E882-8EE7-419B-A7FD-042D31424623}.Ad-Hoc|iPhoneSimulator.Build.0 = Release|x86
		{7925E882-8EE7-419B-A7FD-042D31424623}.Ad-Hoc|iPhoneSimulator.Deploy.0 = Release|x86
		{7925E882-8EE7-419B-A7FD-042D31424623}.Ad-Hoc|x64.ActiveCfg = Release|x64
		{7925E882-8EE7-419B-A7FD-042D31424623}.Ad-Hoc|x64.Build.0 = Release|x64
		{7925E882-8EE7-419B-A7FD-042D31424623}.Ad-Hoc|x64.Deploy.0 = Release|x64
		{7925E882-8EE7-419B-A7FD-042D31424623}.Ad-Hoc|x86.ActiveCfg = Release|x86
		{7925E882-8EE7-419B-A7FD-042D31424623}.Ad-Hoc|x86.Build.0 = Release|x86
		{7925E882-8EE7-419B-A7FD-042D31424623}.Ad-Hoc|x86.Deploy.0 = Release|x86
		{7925E882-8EE7-419B-A7FD-042D31424623}.AppStore|Any CPU.ActiveCfg = Release|x86
		{7925E882-8EE7-419B-A7FD-042D31424623}.AppStore|Any CPU.Build.0 = Release|x86
		{7925E882-8EE7-419B-A7FD-042D31424623}.AppStore|Any CPU.Deploy.0 = Release|x86
		{7925E882-8EE7-419B-A7FD-042D31424623}.AppStore|ARM.ActiveCfg = Release|ARM
		{7925E882-8EE7-419B-A7FD-042D31424623}.AppStore|ARM.Build.0 = Release|ARM
		{7925E882-8EE7-419B-A7FD-042D31424623}.AppStore|ARM.Deploy.0 = Release|ARM
		{7925E882-8EE7-419B-A7FD-042D31424623}.AppStore|iPhone.ActiveCfg = Release|x86
		{7925E882-8EE7-419B-A7FD-042D31424623}.AppStore|iPhone.Build.0 = Release|x86
		{7925E882-8EE7-419B-A7FD-042D31424623}.AppStore|iPhone.Deploy.0 = Release|x86
		{7925E882-8EE7-419B-A7FD-042D31424623}.AppStore|iPhoneSimulator.ActiveCfg = Release|x86
		{7925E882-8EE7-419B-A7FD-042D31424623}.AppStore|iPhoneSimulator.Build.0 = Release|x86
		{7925E882-8EE7-419B-A7FD-042D31424623}.AppStore|iPhoneSimulator.Deploy.0 = Release|x86
		{7925E882-8EE7-419B-A7FD-042D31424623}.AppStore|x64.ActiveCfg = Release|x64
		{7925E882-8EE7-419B-A7FD-042D31424623}.AppStore|x64.Build.0 = Release|x64
		{7925E882-8EE7-419B-A7FD-042D31424623}.AppStore|x64.Deploy.0 = Release|x64
		{7925E882-8EE7-419B-A7FD-042D31424623}.AppStore|x86.ActiveCfg = Release|x86
		{7925E882-8EE7-419B-A7FD-042D31424623}.AppStore|x86.Build.0 = Release|x86
		{7925E882-8EE7-419B-A7FD-042D31424623}.AppStore|x86.Deploy.0 = Release|x86
		{7925E882-8EE7-419B-A7FD-042D31424623}.Debug|Any CPU.ActiveCfg = Debug|x86
		{7925E882-8EE7-419B-A7FD-042D31424623}.Debug|ARM.ActiveCfg = Debug|ARM
		{7925E882-8EE7-419B-A7FD-042D31424623}.Debug|ARM.Build.0 = Debug|ARM
		{7925E882-8EE7-419B-A7FD-042D31424623}.Debug|ARM.Deploy.0 = Debug|ARM
		{7925E882-8EE7-419B-A7FD-042D31424623}.Debug|iPhone.ActiveCfg = Debug|x86
		{7925E882-8EE7-419B-A7FD-042D31424623}.Debug|iPhoneSimulator.ActiveCfg = Debug|x86
		{7925E882-8EE7-419B-A7FD-042D31424623}.Debug|x64.ActiveCfg = Debug|x64
		{7925E882-8EE7-419B-A7FD-042D31424623}.Debug|x64.Build.0 = Debug|x64
		{7925E882-8EE7-419B-A7FD-042D31424623}.Debug|x64.Deploy.0 = Debug|x64
		{7925E882-8EE7-419B-A7FD-042D31424623}.Debug|x86.ActiveCfg = Debug|x86
		{7925E882-8EE7-419B-A7FD-042D31424623}.Debug|x86.Build.0 = Debug|x86
		{7925E882-8EE7-419B-A7FD-042D31424623}.Debug|x86.Deploy.0 = Debug|x86
		{7925E882-8EE7-419B-A7FD-042D31424623}.Release|Any CPU.ActiveCfg = Release|x86
		{7925E882-8EE7-419B-A7FD-042D31424623}.Release|ARM.ActiveCfg = Release|ARM
		{7925E882-8EE7-419B-A7FD-042D31424623}.Release|ARM.Build.0 = Release|ARM
		{7925E882-8EE7-419B-A7FD-042D31424623}.Release|ARM.Deploy.0 = Release|ARM
		{7925E882-8EE7-419B-A7FD-042D31424623}.Release|iPhone.ActiveCfg = Release|x86
		{7925E882-8EE7-419B-A7FD-042D31424623}.Release|iPhoneSimulator.ActiveCfg = Release|x86
		{7925E882-8EE7-419B-A7FD-042D31424623}.Release|x64.ActiveCfg = Release|x64
		{7925E882-8EE7-419B-A7FD-042D31424623}.Release|x64.Build.0 = Release|x64
		{7925E882-8EE7-419B-A7FD-042D31424623}.Release|x64.Deploy.0 = Release|x64
		{7925E882-8EE7-419B-A7FD-042D31424623}.Release|x86.ActiveCfg = Release|x86
		{7925E882-8EE7-419B-A7FD-042D31424623}.Release|x86.Build.0 = Release|x86
		{7925E882-8EE7-419B-A7FD-042D31424623}.Release|x86.Deploy.0 = Release|x86
		{935C2364-0B83-4822-AAD4-54489FA0183C}.Ad-Hoc|Any CPU.ActiveCfg = Ad-Hoc|iPhoneSimulator
		{935C2364-0B83-4822-AAD4-54489FA0183C}.Ad-Hoc|ARM.ActiveCfg = Ad-Hoc|iPhone
		{935C2364-0B83-4822-AAD4-54489FA0183C}.Ad-Hoc|iPhone.ActiveCfg = Ad-Hoc|iPhone
		{935C2364-0B83-4822-AAD4-54489FA0183C}.Ad-Hoc|iPhone.Build.0 = Ad-Hoc|iPhone
		{935C2364-0B83-4822-AAD4-54489FA0183C}.Ad-Hoc|iPhoneSimulator.ActiveCfg = Ad-Hoc|iPhone
		{935C2364-0B83-4822-AAD4-54489FA0183C}.Ad-Hoc|iPhoneSimulator.Build.0 = Ad-Hoc|iPhone
		{935C2364-0B83-4822-AAD4-54489FA0183C}.Ad-Hoc|x64.ActiveCfg = Ad-Hoc|iPhone
		{935C2364-0B83-4822-AAD4-54489FA0183C}.Ad-Hoc|x86.ActiveCfg = Ad-Hoc|iPhone
		{935C2364-0B83-4822-AAD4-54489FA0183C}.AppStore|Any CPU.ActiveCfg = AppStore|iPhoneSimulator
		{935C2364-0B83-4822-AAD4-54489FA0183C}.AppStore|ARM.ActiveCfg = AppStore|iPhone
		{935C2364-0B83-4822-AAD4-54489FA0183C}.AppStore|iPhone.ActiveCfg = AppStore|iPhone
		{935C2364-0B83-4822-AAD4-54489FA0183C}.AppStore|iPhone.Build.0 = AppStore|iPhone
		{935C2364-0B83-4822-AAD4-54489FA0183C}.AppStore|iPhoneSimulator.ActiveCfg = AppStore|iPhoneSimulator
		{935C2364-0B83-4822-AAD4-54489FA0183C}.AppStore|iPhoneSimulator.Build.0 = AppStore|iPhoneSimulator
		{935C2364-0B83-4822-AAD4-54489FA0183C}.AppStore|x64.ActiveCfg = AppStore|iPhone
		{935C2364-0B83-4822-AAD4-54489FA0183C}.AppStore|x86.ActiveCfg = AppStore|iPhone
		{935C2364-0B83-4822-AAD4-54489FA0183C}.Debug|Any CPU.ActiveCfg = Debug|iPhoneSimulator
		{935C2364-0B83-4822-AAD4-54489FA0183C}.Debug|ARM.ActiveCfg = Debug|iPhone
		{935C2364-0B83-4822-AAD4-54489FA0183C}.Debug|iPhone.ActiveCfg = Debug|iPhone
		{935C2364-0B83-4822-AAD4-54489FA0183C}.Debug|iPhone.Build.0 = Debug|iPhone
		{935C2364-0B83-4822-AAD4-54489FA0183C}.Debug|iPhoneSimulator.ActiveCfg = Debug|iPhoneSimulator
		{935C2364-0B83-4822-AAD4-54489FA0183C}.Debug|iPhoneSimulator.Build.0 = Debug|iPhoneSimulator
		{935C2364-0B83-4822-AAD4-54489FA0183C}.Debug|x64.ActiveCfg = Debug|iPhone
		{935C2364-0B83-4822-AAD4-54489FA0183C}.Debug|x86.ActiveCfg = Debug|iPhone
		{935C2364-0B83-4822-AAD4-54489FA0183C}.Release|Any CPU.ActiveCfg = Release|iPhoneSimulator
		{935C2364-0B83-4822-AAD4-54489FA0183C}.Release|ARM.ActiveCfg = Release|iPhone
		{935C2364-0B83-4822-AAD4-54489FA0183C}.Release|iPhone.ActiveCfg = Release|iPhone
		{935C2364-0B83-4822-AAD4-54489FA0183C}.Release|iPhone.Build.0 = Release|iPhone
		{935C2364-0B83-4822-AAD4-54489FA0183C}.Release|iPhoneSimulator.ActiveCfg = Release|iPhoneSimulator
		{935C2364-0B83-4822-AAD4-54489FA0183C}.Release|iPhoneSimulator.Build.0 = Release|iPhoneSimulator
		{935C2364-0B83-4822-AAD4-54489FA0183C}.Release|x64.ActiveCfg = Release|iPhone
		{935C2364-0B83-4822-AAD4-54489FA0183C}.Release|x86.ActiveCfg = Release|iPhone
		{935C2364-0B83-4822-AAD4-54489FA0183C}.Release|x86.Build.0 = Release|iPhone
	EndGlobalSection
	GlobalSection(SolutionProperties) = preSolution
		HideSolutionNode = FALSE
	EndGlobalSection
	GlobalSection(ExtensibilityGlobals) = postSolution
		SolutionGuid = {DAC826A3-3077-4E57-B0FC-B5959EFF5835}
	EndGlobalSection
EndGlobal
